
Microsoft Visual Studio Solution File, Format Version 12.00
# Visual Studio Version 17
VisualStudioVersion = 17.11.35208.52
MinimumVisualStudioVersion = 10.0.40219.1
Project("{9A19103F-16F7-4668-BE54-9A1E7A4F7556}") = "Desafio2-padaria", "Desafio2-padaria\Desafio2-padaria.csproj", "{81ADBC6F-1517-466C-B47B-2581E8BE0C41}"
EndProject
Project("{FAE04EC0-301F-11D3-BF4B-00C04F79EFBC}") = "PontosAPI", "PontosAPI\PontosAPI.csproj", "{1D4BCBB3-AD78-411C-8C78-6A7616D5432A}"
EndProject
Global
	GlobalSection(SolutionConfigurationPlatforms) = preSolution
		Debug|Any CPU = Debug|Any CPU
		Release|Any CPU = Release|Any CPU
	EndGlobalSection
	GlobalSection(ProjectConfigurationPlatforms) = postSolution
		{81ADBC6F-1517-466C-B47B-2581E8BE0C41}.Debug|Any CPU.ActiveCfg = Debug|Any CPU
		{81ADBC6F-1517-466C-B47B-2581E8BE0C41}.Debug|Any CPU.Build.0 = Debug|Any CPU
		{81ADBC6F-1517-466C-B47B-2581E8BE0C41}.Release|Any CPU.ActiveCfg = Release|Any CPU
		{81ADBC6F-1517-466C-B47B-2581E8BE0C41}.Release|Any CPU.Build.0 = Release|Any CPU
		{1D4BCBB3-AD78-411C-8C78-6A7616D5432A}.Debug|Any CPU.ActiveCfg = Debug|Any CPU
		{1D4BCBB3-AD78-411C-8C78-6A7616D5432A}.Debug|Any CPU.Build.0 = Debug|Any CPU
		{1D4BCBB3-AD78-411C-8C78-6A7616D5432A}.Release|Any CPU.ActiveCfg = Release|Any CPU
		{1D4BCBB3-AD78-411C-8C78-6A7616D5432A}.Release|Any CPU.Build.0 = Release|Any CPU
	EndGlobalSection
	GlobalSection(SolutionProperties) = preSolution
		HideSolutionNode = FALSE
	EndGlobalSection
	GlobalSection(ExtensibilityGlobals) = postSolution
		SolutionGuid = {D5C9F68A-95C0-4ECF-AB26-60796094846D}
	EndGlobalSection
EndGlobal
